
Microsoft Visual Studio Solution File, Format Version 12.00
# Visual Studio Version 16
VisualStudioVersion = 16.0.29418.71
MinimumVisualStudioVersion = 10.0.40219.1
Project("{9A19103F-16F7-4668-BE54-9A1E7A4F7556}") = "K01.BehaviorofObjects", "K01.BehaviorofObjects\K01.BehaviorofObjects.csproj", "{FA4B8F35-115E-4AA4-87ED-9F3FD6D63ED5}"
EndProject
Project("{FAE04EC0-301F-11D3-BF4B-00C04F79EFBC}") = "K02.ExtensionMethod", "K02.ExtensionMethod\K02.ExtensionMethod.csproj", "{2E742AC2-9740-4B2D-B2C5-EC31361FB03E}"
EndProject
Project("{FAE04EC0-301F-11D3-BF4B-00C04F79EFBC}") = "K03.Delegeler", "K03.Delegeler\K03.Delegeler.csproj", "{BF7F2E93-7E58-4E04-B095-0014A5F0B18C}"
EndProject
Project("{FAE04EC0-301F-11D3-BF4B-00C04F79EFBC}") = "K04.ActionDeleges", "K04.ActionDeleges\K04.ActionDeleges.csproj", "{1C8B6AC7-F4F6-4A34-96BB-A4D96A7D07EE}"
EndProject
Project("{FAE04EC0-301F-11D3-BF4B-00C04F79EFBC}") = "K05.PredicateDelegeler", "K05.PredicateDelegeler\K05.PredicateDelegeler.csproj", "{91AF7889-47D7-4761-90B3-DCB6A94D091D}"
EndProject
Global
	GlobalSection(SolutionConfigurationPlatforms) = preSolution
		Debug|Any CPU = Debug|Any CPU
		Release|Any CPU = Release|Any CPU
	EndGlobalSection
	GlobalSection(ProjectConfigurationPlatforms) = postSolution
		{FA4B8F35-115E-4AA4-87ED-9F3FD6D63ED5}.Debug|Any CPU.ActiveCfg = Debug|Any CPU
		{FA4B8F35-115E-4AA4-87ED-9F3FD6D63ED5}.Debug|Any CPU.Build.0 = Debug|Any CPU
		{FA4B8F35-115E-4AA4-87ED-9F3FD6D63ED5}.Release|Any CPU.ActiveCfg = Release|Any CPU
		{FA4B8F35-115E-4AA4-87ED-9F3FD6D63ED5}.Release|Any CPU.Build.0 = Release|Any CPU
		{2E742AC2-9740-4B2D-B2C5-EC31361FB03E}.Debug|Any CPU.ActiveCfg = Debug|Any CPU
		{2E742AC2-9740-4B2D-B2C5-EC31361FB03E}.Debug|Any CPU.Build.0 = Debug|Any CPU
		{2E742AC2-9740-4B2D-B2C5-EC31361FB03E}.Release|Any CPU.ActiveCfg = Release|Any CPU
		{2E742AC2-9740-4B2D-B2C5-EC31361FB03E}.Release|Any CPU.Build.0 = Release|Any CPU
		{BF7F2E93-7E58-4E04-B095-0014A5F0B18C}.Debug|Any CPU.ActiveCfg = Debug|Any CPU
		{BF7F2E93-7E58-4E04-B095-0014A5F0B18C}.Debug|Any CPU.Build.0 = Debug|Any CPU
		{BF7F2E93-7E58-4E04-B095-0014A5F0B18C}.Release|Any CPU.ActiveCfg = Release|Any CPU
		{BF7F2E93-7E58-4E04-B095-0014A5F0B18C}.Release|Any CPU.Build.0 = Release|Any CPU
		{1C8B6AC7-F4F6-4A34-96BB-A4D96A7D07EE}.Debug|Any CPU.ActiveCfg = Debug|Any CPU
		{1C8B6AC7-F4F6-4A34-96BB-A4D96A7D07EE}.Debug|Any CPU.Build.0 = Debug|Any CPU
		{1C8B6AC7-F4F6-4A34-96BB-A4D96A7D07EE}.Release|Any CPU.ActiveCfg = Release|Any CPU
		{1C8B6AC7-F4F6-4A34-96BB-A4D96A7D07EE}.Release|Any CPU.Build.0 = Release|Any CPU
		{91AF7889-47D7-4761-90B3-DCB6A94D091D}.Debug|Any CPU.ActiveCfg = Debug|Any CPU
		{91AF7889-47D7-4761-90B3-DCB6A94D091D}.Debug|Any CPU.Build.0 = Debug|Any CPU
		{91AF7889-47D7-4761-90B3-DCB6A94D091D}.Release|Any CPU.ActiveCfg = Release|Any CPU
		{91AF7889-47D7-4761-90B3-DCB6A94D091D}.Release|Any CPU.Build.0 = Release|Any CPU
	EndGlobalSection
	GlobalSection(SolutionProperties) = preSolution
		HideSolutionNode = FALSE
	EndGlobalSection
	GlobalSection(ExtensibilityGlobals) = postSolution
		SolutionGuid = {623CC439-B8F6-4D95-B511-B44B8DB9A5BC}
	EndGlobalSection
EndGlobal
